{
  "name": "gmail-api-parse-message-ts",
  "version": "2.2.13",
  "lockfileVersion": 1,
  "requires": true,
  "dependencies": {
    "base-64": {
      "version": "0.1.0",
      "resolved": "https://registry.npmjs.org/base-64/-/base-64-0.1.0.tgz",
      "integrity": "sha1-eAqZyE59YAJgNhURxId2E78k9rs="
    },
    "klingsten-snippets": {
      "version": "1.0.21",
      "resolved": "https://registry.npmjs.org/klingsten-snippets/-/klingsten-snippets-1.0.21.tgz",
      "integrity": "sha512-coNlbibdX2m4fznDlVNBaiuQSiHVsl9S99qxuhI+9vA+x0T7RHdD0DEQICEhINzkUrCYpnpd9qwcz8CbOd+iNw=="
    }
  }
}
